
Microsoft Visual Studio Solution File, Format Version 12.00
# Visual Studio Version 17
VisualStudioVersion = 17.5.33530.505
MinimumVisualStudioVersion = 10.0.40219.1
Project("{FAE04EC0-301F-11D3-BF4B-00C04F79EFBC}") = "SFTP_Forge", "SFTP_Forge.csproj", "{834E5C0E-35D1-4FF6-8B69-E6EE0CD34FEB}"
EndProject
Global
	GlobalSection(SolutionConfigurationPlatforms) = preSolution
		Debug|Any CPU = Debug|Any CPU
		Release|Any CPU = Release|Any CPU
	EndGlobalSection
	GlobalSection(ProjectConfigurationPlatforms) = postSolution
		{834E5C0E-35D1-4FF6-8B69-E6EE0CD34FEB}.Debug|Any CPU.ActiveCfg = Debug|Any CPU
		{834E5C0E-35D1-4FF6-8B69-E6EE0CD34FEB}.Debug|Any CPU.Build.0 = Debug|Any CPU
		{834E5C0E-35D1-4FF6-8B69-E6EE0CD34FEB}.Release|Any CPU.ActiveCfg = Release|Any CPU
		{834E5C0E-35D1-4FF6-8B69-E6EE0CD34FEB}.Release|Any CPU.Build.0 = Release|Any CPU
	EndGlobalSection
	GlobalSection(SolutionProperties) = preSolution
		HideSolutionNode = FALSE
	EndGlobalSection
	GlobalSection(ExtensibilityGlobals) = postSolution
		SolutionGuid = {3083F8C3-370E-4B09-B535-035D288D386C}
	EndGlobalSection
EndGlobal
